
Microsoft Visual Studio Solution File, Format Version 12.00
# Visual Studio Version 16
VisualStudioVersion = 16.0.31624.102
MinimumVisualStudioVersion = 10.0.40219.1
Project("{FAE04EC0-301F-11D3-BF4B-00C04F79EFBC}") = "BuildingsCreator", "BuildingsCreator\BuildingsCreator.csproj", "{14FFA7FF-124D-4570-A3AB-21C35F8C19C2}"
EndProject
Global
	GlobalSection(SolutionConfigurationPlatforms) = preSolution
		Debug|Any CPU = Debug|Any CPU
		Release|Any CPU = Release|Any CPU
	EndGlobalSection
	GlobalSection(ProjectConfigurationPlatforms) = postSolution
		{14FFA7FF-124D-4570-A3AB-21C35F8C19C2}.Debug|Any CPU.ActiveCfg = Debug|Any CPU
		{14FFA7FF-124D-4570-A3AB-21C35F8C19C2}.Debug|Any CPU.Build.0 = Debug|Any CPU
		{14FFA7FF-124D-4570-A3AB-21C35F8C19C2}.Release|Any CPU.ActiveCfg = Release|Any CPU
		{14FFA7FF-124D-4570-A3AB-21C35F8C19C2}.Release|Any CPU.Build.0 = Release|Any CPU
	EndGlobalSection
	GlobalSection(SolutionProperties) = preSolution
		HideSolutionNode = FALSE
	EndGlobalSection
	GlobalSection(ExtensibilityGlobals) = postSolution
		SolutionGuid = {E09ACCBE-DAC2-470F-9A52-AC95FCF131F9}
	EndGlobalSection
EndGlobal
