
Microsoft Visual Studio Solution File, Format Version 12.00
# Visual Studio Version 17
VisualStudioVersion = 17.0.31903.59
MinimumVisualStudioVersion = 10.0.40219.1
Project("{FAE04EC0-301F-11D3-BF4B-00C04F79EFBC}") = "BasicOOP.Lesson_7", "BasicOOP.Lesson_7\BasicOOP.Lesson_7.csproj", "{01C03B2E-8387-4530-9661-5CD59BA0AF2E}"
EndProject
Project("{FAE04EC0-301F-11D3-BF4B-00C04F79EFBC}") = "Coder", "Coder\Coder.csproj", "{A87E9C7D-F029-4E32-81C9-A40F3D37E52B}"
EndProject
Global
	GlobalSection(SolutionConfigurationPlatforms) = preSolution
		Debug|Any CPU = Debug|Any CPU
		Release|Any CPU = Release|Any CPU
	EndGlobalSection
	GlobalSection(ProjectConfigurationPlatforms) = postSolution
		{01C03B2E-8387-4530-9661-5CD59BA0AF2E}.Debug|Any CPU.ActiveCfg = Debug|Any CPU
		{01C03B2E-8387-4530-9661-5CD59BA0AF2E}.Debug|Any CPU.Build.0 = Debug|Any CPU
		{01C03B2E-8387-4530-9661-5CD59BA0AF2E}.Release|Any CPU.ActiveCfg = Release|Any CPU
		{01C03B2E-8387-4530-9661-5CD59BA0AF2E}.Release|Any CPU.Build.0 = Release|Any CPU
		{A87E9C7D-F029-4E32-81C9-A40F3D37E52B}.Debug|Any CPU.ActiveCfg = Debug|Any CPU
		{A87E9C7D-F029-4E32-81C9-A40F3D37E52B}.Debug|Any CPU.Build.0 = Debug|Any CPU
		{A87E9C7D-F029-4E32-81C9-A40F3D37E52B}.Release|Any CPU.ActiveCfg = Release|Any CPU
		{A87E9C7D-F029-4E32-81C9-A40F3D37E52B}.Release|Any CPU.Build.0 = Release|Any CPU
	EndGlobalSection
	GlobalSection(SolutionProperties) = preSolution
		HideSolutionNode = FALSE
	EndGlobalSection
	GlobalSection(ExtensibilityGlobals) = postSolution
		SolutionGuid = {993B9C5B-CB6A-49CB-806B-817D53CCB6B0}
	EndGlobalSection
EndGlobal
